{
  "name": "03consuming_published_module",
  "version": "1.0.0",
  "lockfileVersion": 3,
  "requires": true,
  "packages": {
    "": {
      "name": "03consuming_published_module",
      "version": "1.0.0",
      "license": "ISC",
      "dependencies": {
        "mahi_calculator": "^1.0.1"
      }
    },
    "node_modules/mahi_calculator": {
      "version": "1.0.1",
      "resolved": "https://registry.npmjs.org/mahi_calculator/-/mahi_calculator-1.0.1.tgz",
      "integrity": "sha512-n/MbRD/r0e/8K5lIQg37tN11fuf3D+dQ5KKpdTrxdTBWejKgQbeeffqmTuwZecJ4gv03pciK/cYRWa2Izd2/qQ=="
    }
  }
}
